
Microsoft Visual Studio Solution File, Format Version 12.00
# Visual Studio Version 17
VisualStudioVersion = 17.13.35913.81 d17.13
MinimumVisualStudioVersion = 10.0.40219.1
Project("{FAE04EC0-301F-11D3-BF4B-00C04F79EFBC}") = "Aidify", "Aidify.csproj", "{34AFD585-95EC-47C9-B700-DFF6AB9068CC}"
EndProject
Global
	GlobalSection(SolutionConfigurationPlatforms) = preSolution
		Debug|Any CPU = Debug|Any CPU
		Release|Any CPU = Release|Any CPU
	EndGlobalSection
	GlobalSection(ProjectConfigurationPlatforms) = postSolution
		{34AFD585-95EC-47C9-B700-DFF6AB9068CC}.Debug|Any CPU.ActiveCfg = Debug|Any CPU
		{34AFD585-95EC-47C9-B700-DFF6AB9068CC}.Debug|Any CPU.Build.0 = Debug|Any CPU
		{34AFD585-95EC-47C9-B700-DFF6AB9068CC}.Release|Any CPU.ActiveCfg = Release|Any CPU
		{34AFD585-95EC-47C9-B700-DFF6AB9068CC}.Release|Any CPU.Build.0 = Release|Any CPU
	EndGlobalSection
	GlobalSection(SolutionProperties) = preSolution
		HideSolutionNode = FALSE
	EndGlobalSection
	GlobalSection(ExtensibilityGlobals) = postSolution
		SolutionGuid = {C3510EB0-977C-43F0-AEE2-E07BB7E430BD}
	EndGlobalSection
EndGlobal
